
Microsoft Visual Studio Solution File, Format Version 12.00
# Visual Studio Version 16
VisualStudioVersion = 16.0.30011.22
MinimumVisualStudioVersion = 10.0.40219.1
Project("{8BC9CEB8-8B4A-11D0-8D11-00A0C91BC942}") = "firmware", "platformio.vcxproj", "{0FA9C3A8-452B-41EF-A418-9102B170F49F}"
EndProject
Project("{9092AA53-FB77-4645-B42D-1CCCA6BD08BD}") = "interface", "interface\interface.njsproj", "{B862CA6F-35F6-4405-82CD-53D5AD213A30}"
EndProject
Global
	GlobalSection(SolutionConfigurationPlatforms) = preSolution
		Debug|Any CPU = Debug|Any CPU
		Debug|x86 = Debug|x86
		Release|Any CPU = Release|Any CPU
		Release|x86 = Release|x86
	EndGlobalSection
	GlobalSection(ProjectConfigurationPlatforms) = postSolution
		{0FA9C3A8-452B-41EF-A418-9102B170F49F}.Debug|Any CPU.ActiveCfg = Debug|Win32
		{0FA9C3A8-452B-41EF-A418-9102B170F49F}.Debug|x86.ActiveCfg = Debug|Win32
		{0FA9C3A8-452B-41EF-A418-9102B170F49F}.Debug|x86.Build.0 = Debug|Win32
		{0FA9C3A8-452B-41EF-A418-9102B170F49F}.Release|Any CPU.ActiveCfg = Release|Win32
		{0FA9C3A8-452B-41EF-A418-9102B170F49F}.Release|x86.ActiveCfg = Release|Win32
		{0FA9C3A8-452B-41EF-A418-9102B170F49F}.Release|x86.Build.0 = Release|Win32
		{B862CA6F-35F6-4405-82CD-53D5AD213A30}.Debug|Any CPU.ActiveCfg = Debug|Any CPU
		{B862CA6F-35F6-4405-82CD-53D5AD213A30}.Debug|Any CPU.Build.0 = Debug|Any CPU
		{B862CA6F-35F6-4405-82CD-53D5AD213A30}.Debug|x86.ActiveCfg = Debug|Any CPU
		{B862CA6F-35F6-4405-82CD-53D5AD213A30}.Debug|x86.Build.0 = Debug|Any CPU
		{B862CA6F-35F6-4405-82CD-53D5AD213A30}.Release|Any CPU.ActiveCfg = Release|Any CPU
		{B862CA6F-35F6-4405-82CD-53D5AD213A30}.Release|Any CPU.Build.0 = Release|Any CPU
		{B862CA6F-35F6-4405-82CD-53D5AD213A30}.Release|x86.ActiveCfg = Release|Any CPU
		{B862CA6F-35F6-4405-82CD-53D5AD213A30}.Release|x86.Build.0 = Release|Any CPU
	EndGlobalSection
	GlobalSection(SolutionProperties) = preSolution
		HideSolutionNode = FALSE
	EndGlobalSection
	GlobalSection(ExtensibilityGlobals) = postSolution
		SolutionGuid = {88E54F10-F76B-4533-8096-833C323E24B2}
	EndGlobalSection
EndGlobal
