<?xml version="1.0" encoding="utf-8"?>
<Project ToolsVersion="4.0" xmlns="http://schemas.microsoft.com/developer/msbuild/2003">
  <ItemGroup>
    <Filter Include="Source Files">
      <UniqueIdentifier>{4FC737F1-C7A5-4376-A066-2A32D752A2FF}</UniqueIdentifier>
      <Extensions>cpp;c;cc;cxx;def;odl;idl;hpj;bat;asm;asmx;ino;pde</Extensions>
    </Filter>
    <Filter Include="Header Files">
      <UniqueIdentifier>{93995380-89BD-4b04-88EB-625FBE52EBFB}</UniqueIdentifier>
      <Extensions>h;hh;hpp;hxx;hm;inl;inc;xsd</Extensions>
    </Filter>
    <Filter Include="data">
      <UniqueIdentifier>{ec280018-961b-4775-a1e9-5ee0c72c2427}</UniqueIdentifier>
    </Filter>
    <Filter Include="data\config">
      <UniqueIdentifier>{95ca7957-bfae-4774-a113-fd1bfb1f85b7}</UniqueIdentifier>
    </Filter>
    <Filter Include="lib">
      <UniqueIdentifier>{b6dbcad7-eec4-4cc4-b8b5-7cefdb1a4a80}</UniqueIdentifier>
    </Filter>
    <Filter Include="lib\framework">
      <UniqueIdentifier>{55ea5aff-6be8-40ef-b374-3315f4506472}</UniqueIdentifier>
    </Filter>
    <Filter Include="TFT_eSPI_Setups">
      <UniqueIdentifier>{708508f4-ff71-40cb-8ccd-ff25c2ef6a40}</UniqueIdentifier>
    </Filter>
    <Filter Include="scripts">
      <UniqueIdentifier>{ad3cfd4c-33f2-49bb-81b4-ed4a2cefd2dd}</UniqueIdentifier>
    </Filter>
  </ItemGroup>
  <ItemGroup>
    <None Include="platformio.ini" />
    <None Include="data\config\apSettings.json">
      <Filter>data\config</Filter>
    </None>
    <None Include="data\config\demoSettings.json">
      <Filter>data\config</Filter>
    </None>
    <None Include="data\config\ntpSettings.json">
      <Filter>data\config</Filter>
    </None>
    <None Include="data\config\otaSettings.json">
      <Filter>data\config</Filter>
    </None>
    <None Include="data\config\securitySettings.json">
      <Filter>data\config</Filter>
    </None>
    <None Include="data\config\wifiSettings.json">
      <Filter>data\config</Filter>
    </None>
    <None Include="README.md" />
    <None Include="scripts\build_interface.py">
      <Filter>scripts</Filter>
    </None>
  </ItemGroup>
  <ItemGroup>
    <ClCompile Include="src/DemoProject.cpp">
      <Filter>Source Files</Filter>
    </ClCompile>
    <ClCompile Include="lib\framework\APSettingsService.cpp">
      <Filter>lib\framework</Filter>
    </ClCompile>
    <ClCompile Include="lib\framework\APStatus.cpp">
      <Filter>lib\framework</Filter>
    </ClCompile>
    <ClCompile Include="lib\framework\ArduinoJsonJWT.cpp">
      <Filter>lib\framework</Filter>
    </ClCompile>
    <ClCompile Include="lib\framework\AuthenticationService.cpp">
      <Filter>lib\framework</Filter>
    </ClCompile>
    <ClCompile Include="lib\framework\ESP8266React.cpp">
      <Filter>lib\framework</Filter>
    </ClCompile>
    <ClCompile Include="lib\framework\NTPSettingsService.cpp">
      <Filter>lib\framework</Filter>
    </ClCompile>
    <ClCompile Include="lib\framework\NTPStatus.cpp">
      <Filter>lib\framework</Filter>
    </ClCompile>
    <ClCompile Include="lib\framework\OTASettingsService.cpp">
      <Filter>lib\framework</Filter>
    </ClCompile>
    <ClCompile Include="lib\framework\RestartService.cpp">
      <Filter>lib\framework</Filter>
    </ClCompile>
    <ClCompile Include="lib\framework\SecuritySettingsService.cpp">
      <Filter>lib\framework</Filter>
    </ClCompile>
    <ClCompile Include="lib\framework\SystemStatus.cpp">
      <Filter>lib\framework</Filter>
    </ClCompile>
    <ClCompile Include="lib\framework\WiFiScanner.cpp">
      <Filter>lib\framework</Filter>
    </ClCompile>
    <ClCompile Include="lib\framework\WiFiSettingsService.cpp">
      <Filter>lib\framework</Filter>
    </ClCompile>
    <ClCompile Include="lib\framework\WiFiStatus.cpp">
      <Filter>lib\framework</Filter>
    </ClCompile>
    <ClCompile Include="src\ADC.cpp">
      <Filter>Source Files</Filter>
    </ClCompile>
  </ItemGroup>
  <ItemGroup>
    <ClInclude Include="src/DemoProject.h">
      <Filter>Header Files</Filter>
    </ClInclude>
    <ClInclude Include="lib\framework\AdminSettingsService.h">
      <Filter>lib\framework</Filter>
    </ClInclude>
    <ClInclude Include="lib\framework\APSettingsService.h">
      <Filter>lib\framework</Filter>
    </ClInclude>
    <ClInclude Include="lib\framework\APStatus.h">
      <Filter>lib\framework</Filter>
    </ClInclude>
    <ClInclude Include="lib\framework\ArduinoJsonJWT.h">
      <Filter>lib\framework</Filter>
    </ClInclude>
    <ClInclude Include="lib\framework\AsyncJsonCallbackResponse.h">
      <Filter>lib\framework</Filter>
    </ClInclude>
    <ClInclude Include="lib\framework\AsyncJsonWebHandler.h">
      <Filter>lib\framework</Filter>
    </ClInclude>
    <ClInclude Include="lib\framework\AuthenticationService.h">
      <Filter>lib\framework</Filter>
    </ClInclude>
    <ClInclude Include="lib\framework\ESP8266React.h">
      <Filter>lib\framework</Filter>
    </ClInclude>
    <ClInclude Include="lib\framework\NTPSettingsService.h">
      <Filter>lib\framework</Filter>
    </ClInclude>
    <ClInclude Include="lib\framework\NTPStatus.h">
      <Filter>lib\framework</Filter>
    </ClInclude>
    <ClInclude Include="lib\framework\OTASettingsService.h">
      <Filter>lib\framework</Filter>
    </ClInclude>
    <ClInclude Include="lib\framework\RestartService.h">
      <Filter>lib\framework</Filter>
    </ClInclude>
    <ClInclude Include="lib\framework\SecurityManager.h">
      <Filter>lib\framework</Filter>
    </ClInclude>
    <ClInclude Include="lib\framework\SecuritySettingsService.h">
      <Filter>lib\framework</Filter>
    </ClInclude>
    <ClInclude Include="lib\framework\SettingsPersistence.h">
      <Filter>lib\framework</Filter>
    </ClInclude>
    <ClInclude Include="lib\framework\SettingsService.h">
      <Filter>lib\framework</Filter>
    </ClInclude>
    <ClInclude Include="lib\framework\SimpleService.h">
      <Filter>lib\framework</Filter>
    </ClInclude>
    <ClInclude Include="lib\framework\SystemStatus.h">
      <Filter>lib\framework</Filter>
    </ClInclude>
    <ClInclude Include="lib\framework\WiFiScanner.h">
      <Filter>lib\framework</Filter>
    </ClInclude>
    <ClInclude Include="lib\framework\WiFiSettingsService.h">
      <Filter>lib\framework</Filter>
    </ClInclude>
    <ClInclude Include="lib\framework\WiFiStatus.h">
      <Filter>lib\framework</Filter>
    </ClInclude>
    <ClInclude Include="lib\framework\WWWData.h">
      <Filter>lib\framework</Filter>
    </ClInclude>
    <ClInclude Include="TFT_eSPI_Setups\My_Setup.h">
      <Filter>TFT_eSPI_Setups</Filter>
    </ClInclude>
    <ClInclude Include="TFT_eSPI_Setups\My_Setup_Select.h">
      <Filter>TFT_eSPI_Setups</Filter>
    </ClInclude>
    <ClInclude Include="src\ADC.h">
      <Filter>Header Files</Filter>
    </ClInclude>
  </ItemGroup>
  <ItemGroup>
    <ClCompile Include="src/main.cpp">
      <Filter>Source Files</Filter>
    </ClCompile>
  </ItemGroup>
  <ItemGroup>
    <Text Include="lib\readme.txt">
      <Filter>lib</Filter>
    </Text>
  </ItemGroup>
</Project>